
Microsoft Visual Studio Solution File, Format Version 12.00
# Visual Studio Version 16
VisualStudioVersion = 16.0.29411.108
MinimumVisualStudioVersion = 15.0.26124.0
Project("{9A19103F-16F7-4668-BE54-9A1E7A4F7556}") = "Payroll.Core.Model", "Payroll.Model\Payroll.Core.Model.csproj", "{90B58134-50D1-4D7A-9B40-894AAFB4EF7F}"
EndProject
Project("{9A19103F-16F7-4668-BE54-9A1E7A4F7556}") = "Payroll.Console", "Payroll.Console\Payroll.Console.csproj", "{93C3F6C4-FC1F-48CD-AC75-E51B3BDF1304}"
EndProject
Project("{9A19103F-16F7-4668-BE54-9A1E7A4F7556}") = "Payroll.XUnitTest", "Payroll.XUnitTest\Payroll.XUnitTest.csproj", "{937B6F83-4E36-43DF-BB28-5A8A933E5B2A}"
EndProject
Project("{FAE04EC0-301F-11D3-BF4B-00C04F79EFBC}") = "Payroll.Console.Model", "Payroll.Console.Model\Payroll.Console.Model.csproj", "{2598F83C-4FA6-4F4E-9F44-6E46D0E60E82}"
EndProject
Global
	GlobalSection(SolutionConfigurationPlatforms) = preSolution
		Debug|Any CPU = Debug|Any CPU
		Debug|x64 = Debug|x64
		Debug|x86 = Debug|x86
		Release|Any CPU = Release|Any CPU
		Release|x64 = Release|x64
		Release|x86 = Release|x86
	EndGlobalSection
	GlobalSection(ProjectConfigurationPlatforms) = postSolution
		{90B58134-50D1-4D7A-9B40-894AAFB4EF7F}.Debug|Any CPU.ActiveCfg = Debug|Any CPU
		{90B58134-50D1-4D7A-9B40-894AAFB4EF7F}.Debug|Any CPU.Build.0 = Debug|Any CPU
		{90B58134-50D1-4D7A-9B40-894AAFB4EF7F}.Debug|x64.ActiveCfg = Debug|Any CPU
		{90B58134-50D1-4D7A-9B40-894AAFB4EF7F}.Debug|x64.Build.0 = Debug|Any CPU
		{90B58134-50D1-4D7A-9B40-894AAFB4EF7F}.Debug|x86.ActiveCfg = Debug|Any CPU
		{90B58134-50D1-4D7A-9B40-894AAFB4EF7F}.Debug|x86.Build.0 = Debug|Any CPU
		{90B58134-50D1-4D7A-9B40-894AAFB4EF7F}.Release|Any CPU.ActiveCfg = Release|Any CPU
		{90B58134-50D1-4D7A-9B40-894AAFB4EF7F}.Release|Any CPU.Build.0 = Release|Any CPU
		{90B58134-50D1-4D7A-9B40-894AAFB4EF7F}.Release|x64.ActiveCfg = Release|Any CPU
		{90B58134-50D1-4D7A-9B40-894AAFB4EF7F}.Release|x64.Build.0 = Release|Any CPU
		{90B58134-50D1-4D7A-9B40-894AAFB4EF7F}.Release|x86.ActiveCfg = Release|Any CPU
		{90B58134-50D1-4D7A-9B40-894AAFB4EF7F}.Release|x86.Build.0 = Release|Any CPU
		{93C3F6C4-FC1F-48CD-AC75-E51B3BDF1304}.Debug|Any CPU.ActiveCfg = Debug|Any CPU
		{93C3F6C4-FC1F-48CD-AC75-E51B3BDF1304}.Debug|Any CPU.Build.0 = Debug|Any CPU
		{93C3F6C4-FC1F-48CD-AC75-E51B3BDF1304}.Debug|x64.ActiveCfg = Debug|Any CPU
		{93C3F6C4-FC1F-48CD-AC75-E51B3BDF1304}.Debug|x64.Build.0 = Debug|Any CPU
		{93C3F6C4-FC1F-48CD-AC75-E51B3BDF1304}.Debug|x86.ActiveCfg = Debug|Any CPU
		{93C3F6C4-FC1F-48CD-AC75-E51B3BDF1304}.Debug|x86.Build.0 = Debug|Any CPU
		{93C3F6C4-FC1F-48CD-AC75-E51B3BDF1304}.Release|Any CPU.ActiveCfg = Release|Any CPU
		{93C3F6C4-FC1F-48CD-AC75-E51B3BDF1304}.Release|Any CPU.Build.0 = Release|Any CPU
		{93C3F6C4-FC1F-48CD-AC75-E51B3BDF1304}.Release|x64.ActiveCfg = Release|Any CPU
		{93C3F6C4-FC1F-48CD-AC75-E51B3BDF1304}.Release|x64.Build.0 = Release|Any CPU
		{93C3F6C4-FC1F-48CD-AC75-E51B3BDF1304}.Release|x86.ActiveCfg = Release|Any CPU
		{93C3F6C4-FC1F-48CD-AC75-E51B3BDF1304}.Release|x86.Build.0 = Release|Any CPU
		{937B6F83-4E36-43DF-BB28-5A8A933E5B2A}.Debug|Any CPU.ActiveCfg = Debug|Any CPU
		{937B6F83-4E36-43DF-BB28-5A8A933E5B2A}.Debug|Any CPU.Build.0 = Debug|Any CPU
		{937B6F83-4E36-43DF-BB28-5A8A933E5B2A}.Debug|x64.ActiveCfg = Debug|Any CPU
		{937B6F83-4E36-43DF-BB28-5A8A933E5B2A}.Debug|x64.Build.0 = Debug|Any CPU
		{937B6F83-4E36-43DF-BB28-5A8A933E5B2A}.Debug|x86.ActiveCfg = Debug|Any CPU
		{937B6F83-4E36-43DF-BB28-5A8A933E5B2A}.Debug|x86.Build.0 = Debug|Any CPU
		{937B6F83-4E36-43DF-BB28-5A8A933E5B2A}.Release|Any CPU.ActiveCfg = Release|Any CPU
		{937B6F83-4E36-43DF-BB28-5A8A933E5B2A}.Release|Any CPU.Build.0 = Release|Any CPU
		{937B6F83-4E36-43DF-BB28-5A8A933E5B2A}.Release|x64.ActiveCfg = Release|Any CPU
		{937B6F83-4E36-43DF-BB28-5A8A933E5B2A}.Release|x64.Build.0 = Release|Any CPU
		{937B6F83-4E36-43DF-BB28-5A8A933E5B2A}.Release|x86.ActiveCfg = Release|Any CPU
		{937B6F83-4E36-43DF-BB28-5A8A933E5B2A}.Release|x86.Build.0 = Release|Any CPU
		{2598F83C-4FA6-4F4E-9F44-6E46D0E60E82}.Debug|Any CPU.ActiveCfg = Debug|Any CPU
		{2598F83C-4FA6-4F4E-9F44-6E46D0E60E82}.Debug|Any CPU.Build.0 = Debug|Any CPU
		{2598F83C-4FA6-4F4E-9F44-6E46D0E60E82}.Debug|x64.ActiveCfg = Debug|Any CPU
		{2598F83C-4FA6-4F4E-9F44-6E46D0E60E82}.Debug|x64.Build.0 = Debug|Any CPU
		{2598F83C-4FA6-4F4E-9F44-6E46D0E60E82}.Debug|x86.ActiveCfg = Debug|Any CPU
		{2598F83C-4FA6-4F4E-9F44-6E46D0E60E82}.Debug|x86.Build.0 = Debug|Any CPU
		{2598F83C-4FA6-4F4E-9F44-6E46D0E60E82}.Release|Any CPU.ActiveCfg = Release|Any CPU
		{2598F83C-4FA6-4F4E-9F44-6E46D0E60E82}.Release|Any CPU.Build.0 = Release|Any CPU
		{2598F83C-4FA6-4F4E-9F44-6E46D0E60E82}.Release|x64.ActiveCfg = Release|Any CPU
		{2598F83C-4FA6-4F4E-9F44-6E46D0E60E82}.Release|x64.Build.0 = Release|Any CPU
		{2598F83C-4FA6-4F4E-9F44-6E46D0E60E82}.Release|x86.ActiveCfg = Release|Any CPU
		{2598F83C-4FA6-4F4E-9F44-6E46D0E60E82}.Release|x86.Build.0 = Release|Any CPU
	EndGlobalSection
	GlobalSection(SolutionProperties) = preSolution
		HideSolutionNode = FALSE
	EndGlobalSection
	GlobalSection(ExtensibilityGlobals) = postSolution
		SolutionGuid = {993A1B1A-9BFB-4653-9F72-FE8806640E62}
	EndGlobalSection
EndGlobal
